
Microsoft Visual Studio Solution File, Format Version 12.00
# Visual Studio Version 17
VisualStudioVersion = 17.5.002.0
MinimumVisualStudioVersion = 10.0.40219.1
Project("{9A19103F-16F7-4668-BE54-9A1E7A4F7556}") = "RentHouse", "RentHouse.csproj", "{0E26A251-9547-4A27-B600-CCA89A7545C1}"
EndProject
Global
	GlobalSection(SolutionConfigurationPlatforms) = preSolution
		Debug|Any CPU = Debug|Any CPU
		Release|Any CPU = Release|Any CPU
	EndGlobalSection
	GlobalSection(ProjectConfigurationPlatforms) = postSolution
		{0E26A251-9547-4A27-B600-CCA89A7545C1}.Debug|Any CPU.ActiveCfg = Debug|Any CPU
		{0E26A251-9547-4A27-B600-CCA89A7545C1}.Debug|Any CPU.Build.0 = Debug|Any CPU
		{0E26A251-9547-4A27-B600-CCA89A7545C1}.Release|Any CPU.ActiveCfg = Release|Any CPU
		{0E26A251-9547-4A27-B600-CCA89A7545C1}.Release|Any CPU.Build.0 = Release|Any CPU
	EndGlobalSection
	GlobalSection(SolutionProperties) = preSolution
		HideSolutionNode = FALSE
	EndGlobalSection
	GlobalSection(ExtensibilityGlobals) = postSolution
		SolutionGuid = {6335BDE7-51AB-4063-8628-D862353782B1}
	EndGlobalSection
EndGlobal
